
Microsoft Visual Studio Solution File, Format Version 12.00
# Visual Studio Version 17
VisualStudioVersion = 17.14.36705.20 d17.14
MinimumVisualStudioVersion = 10.0.40219.1
Project("{FAE04EC0-301F-11D3-BF4B-00C04F79EFBC}") = "EsimeneProjekt", "EsimeneProjekt.csproj", "{975EDEE8-4315-4507-ADE5-E1EEFF4AE40C}"
EndProject
Global
	GlobalSection(SolutionConfigurationPlatforms) = preSolution
		Debug|Any CPU = Debug|Any CPU
		Release|Any CPU = Release|Any CPU
	EndGlobalSection
	GlobalSection(ProjectConfigurationPlatforms) = postSolution
		{975EDEE8-4315-4507-ADE5-E1EEFF4AE40C}.Debug|Any CPU.ActiveCfg = Debug|Any CPU
		{975EDEE8-4315-4507-ADE5-E1EEFF4AE40C}.Debug|Any CPU.Build.0 = Debug|Any CPU
		{975EDEE8-4315-4507-ADE5-E1EEFF4AE40C}.Release|Any CPU.ActiveCfg = Release|Any CPU
		{975EDEE8-4315-4507-ADE5-E1EEFF4AE40C}.Release|Any CPU.Build.0 = Release|Any CPU
	EndGlobalSection
	GlobalSection(SolutionProperties) = preSolution
		HideSolutionNode = FALSE
	EndGlobalSection
	GlobalSection(ExtensibilityGlobals) = postSolution
		SolutionGuid = {9FCAC08E-C262-4026-82A7-8092E167CC37}
	EndGlobalSection
EndGlobal
